<?xml version="1.0" encoding="utf-8"?>
<Project ToolsVersion="4.0" xmlns="http://schemas.microsoft.com/developer/msbuild/2003">
  <ItemGroup>
    <ClCompile Include="main.cpp" />
    <ClCompile Include="..\thirdparty\imgui\imgui.cpp">
      <Filter>imgui</Filter>
    </ClCompile>
    <ClCompile Include="..\thirdparty\imgui\imgui_demo.cpp">
      <Filter>imgui</Filter>
    </ClCompile>
    <ClCompile Include="..\thirdparty\imgui\imgui_draw.cpp">
      <Filter>imgui</Filter>
    </ClCompile>
    <ClCompile Include="..\thirdparty\imgui\imgui_impl_dx11.cpp">
      <Filter>imgui</Filter>
    </ClCompile>
    <ClCompile Include="..\thirdparty\imgui\imgui_impl_win32.cpp">
      <Filter>imgui</Filter>
    </ClCompile>
    <ClCompile Include="..\thirdparty\imgui\imgui_stdlib.cpp">
      <Filter>imgui</Filter>
    </ClCompile>
    <ClCompile Include="..\thirdparty\imgui\imgui_tables.cpp">
      <Filter>imgui</Filter>
    </ClCompile>
    <ClCompile Include="..\thirdparty\imgui\imgui_widgets.cpp">
      <Filter>imgui</Filter>
    </ClCompile>
    <ClCompile Include="DirectWindow.cpp" />
    <ClCompile Include="D3D11Render.cpp" />
    <ClCompile Include="App.cpp" />
    <ClCompile Include="NetworkClient.cpp">
      <Filter>Network</Filter>
    </ClCompile>
    <ClCompile Include="NetworkContext.cpp">
      <Filter>Network</Filter>
    </ClCompile>
    <ClCompile Include="NetworkManager.cpp">
      <Filter>Network</Filter>
    </ClCompile>
    <ClCompile Include="ConfigLoader.cpp">
      <Filter>Config</Filter>
    </ClCompile>
    <ClCompile Include="JSON.cpp">
      <Filter>Config</Filter>
    </ClCompile>
  </ItemGroup>
  <ItemGroup>
    <Filter Include="imgui">
      <UniqueIdentifier>{c1ec87c7-f54c-4c5a-ac5f-8d6f3a5c8ab5}</UniqueIdentifier>
    </Filter>
    <Filter Include="Network">
      <UniqueIdentifier>{752d96c3-9544-4e0b-b1d7-a41f5455dd36}</UniqueIdentifier>
    </Filter>
    <Filter Include="Utility">
      <UniqueIdentifier>{5521f851-f9e6-409c-bdab-05556deb0d8d}</UniqueIdentifier>
    </Filter>
    <Filter Include="Config">
      <UniqueIdentifier>{58603b92-3c36-4786-88cb-d47d425ddc80}</UniqueIdentifier>
    </Filter>
  </ItemGroup>
  <ItemGroup>
    <ClInclude Include="..\thirdparty\imgui\imconfig.h">
      <Filter>imgui</Filter>
    </ClInclude>
    <ClInclude Include="..\thirdparty\imgui\imgui.h">
      <Filter>imgui</Filter>
    </ClInclude>
    <ClInclude Include="..\thirdparty\imgui\imgui_impl_dx11.h">
      <Filter>imgui</Filter>
    </ClInclude>
    <ClInclude Include="..\thirdparty\imgui\imgui_impl_win32.h">
      <Filter>imgui</Filter>
    </ClInclude>
    <ClInclude Include="..\thirdparty\imgui\imgui_internal.h">
      <Filter>imgui</Filter>
    </ClInclude>
    <ClInclude Include="..\thirdparty\imgui\imgui_stdlib.h">
      <Filter>imgui</Filter>
    </ClInclude>
    <ClInclude Include="..\thirdparty\imgui\imstb_rectpack.h">
      <Filter>imgui</Filter>
    </ClInclude>
    <ClInclude Include="..\thirdparty\imgui\imstb_textedit.h">
      <Filter>imgui</Filter>
    </ClInclude>
    <ClInclude Include="..\thirdparty\imgui\imstb_truetype.h">
      <Filter>imgui</Filter>
    </ClInclude>
    <ClInclude Include="DirectWindow.h" />
    <ClInclude Include="D3D11Render.h" />
    <ClInclude Include="App.h" />
    <ClInclude Include="Command.h" />
    <ClInclude Include="SharedEnum.h" />
    <ClInclude Include="NetworkClient.h">
      <Filter>Network</Filter>
    </ClInclude>
    <ClInclude Include="NetworkContext.h">
      <Filter>Network</Filter>
    </ClInclude>
    <ClInclude Include="NetworkManager.h">
      <Filter>Network</Filter>
    </ClInclude>
    <ClInclude Include="NetworkPacket.h">
      <Filter>Network</Filter>
    </ClInclude>
    <ClInclude Include="ConfigLoader.h">
      <Filter>Config</Filter>
    </ClInclude>
    <ClInclude Include="JSON.h">
      <Filter>Config</Filter>
    </ClInclude>
    <ClInclude Include="Timer.h">
      <Filter>Utility</Filter>
    </ClInclude>
  </ItemGroup>
  <ItemGroup>
    <None Include="..\thirdparty\imgui\imgui.gdb">
      <Filter>imgui</Filter>
    </None>
    <None Include="..\thirdparty\imgui\imgui.natstepfilter">
      <Filter>imgui</Filter>
    </None>
    <None Include="config.json">
      <Filter>Config</Filter>
    </None>
  </ItemGroup>
  <ItemGroup>
    <Natvis Include="..\thirdparty\imgui\imgui.natvis">
      <Filter>imgui</Filter>
    </Natvis>
  </ItemGroup>
</Project>